
Microsoft Visual Studio Solution File, Format Version 12.00
# Visual Studio Version 16
VisualStudioVersion = 16.0.31005.135
MinimumVisualStudioVersion = 10.0.40219.1
Project("{9A19103F-16F7-4668-BE54-9A1E7A4F7556}") = "ECommerce.Api.Products", "ECommerce.Api.Products\ECommerce.Api.Products.csproj", "{515D91E7-9EBD-4751-B9D3-AF532E395442}"
EndProject
Project("{9A19103F-16F7-4668-BE54-9A1E7A4F7556}") = "ECommerce.Api.Customers", "ECommerce.Api.Customers\ECommerce.Api.Customers.csproj", "{D83F0C6B-2249-4F15-B631-7750FE4BFA34}"
EndProject
Project("{9A19103F-16F7-4668-BE54-9A1E7A4F7556}") = "ECommerce.Api.Orders", "ECommerce.Api.Orders\ECommerce.Api.Orders.csproj", "{371B1A5C-E56D-4890-9129-0340D3FBBBA2}"
EndProject
Project("{9A19103F-16F7-4668-BE54-9A1E7A4F7556}") = "ECommerce.Api.Search", "ECommerce.Api.Search\ECommerce.Api.Search.csproj", "{CA8A9A68-813B-48DA-B0F1-2F2571146CDF}"
EndProject
Project("{9A19103F-16F7-4668-BE54-9A1E7A4F7556}") = "ECommerce.Api.Products.Test", "ECommerce.Api.Products.Test\ECommerce.Api.Products.Test.csproj", "{C3C58B41-C009-493C-8B9F-E5F375091908}"
EndProject
Project("{E53339B2-1760-4266-BCC7-CA923CBCF16C}") = "docker-compose", "docker-compose.dcproj", "{2CB7E42F-77C7-4DB0-84F5-DD100A132B6B}"
EndProject
Global
	GlobalSection(SolutionConfigurationPlatforms) = preSolution
		Debug|Any CPU = Debug|Any CPU
		Release|Any CPU = Release|Any CPU
	EndGlobalSection
	GlobalSection(ProjectConfigurationPlatforms) = postSolution
		{515D91E7-9EBD-4751-B9D3-AF532E395442}.Debug|Any CPU.ActiveCfg = Debug|Any CPU
		{515D91E7-9EBD-4751-B9D3-AF532E395442}.Debug|Any CPU.Build.0 = Debug|Any CPU
		{515D91E7-9EBD-4751-B9D3-AF532E395442}.Release|Any CPU.ActiveCfg = Release|Any CPU
		{515D91E7-9EBD-4751-B9D3-AF532E395442}.Release|Any CPU.Build.0 = Release|Any CPU
		{D83F0C6B-2249-4F15-B631-7750FE4BFA34}.Debug|Any CPU.ActiveCfg = Debug|Any CPU
		{D83F0C6B-2249-4F15-B631-7750FE4BFA34}.Debug|Any CPU.Build.0 = Debug|Any CPU
		{D83F0C6B-2249-4F15-B631-7750FE4BFA34}.Release|Any CPU.ActiveCfg = Release|Any CPU
		{D83F0C6B-2249-4F15-B631-7750FE4BFA34}.Release|Any CPU.Build.0 = Release|Any CPU
		{371B1A5C-E56D-4890-9129-0340D3FBBBA2}.Debug|Any CPU.ActiveCfg = Debug|Any CPU
		{371B1A5C-E56D-4890-9129-0340D3FBBBA2}.Debug|Any CPU.Build.0 = Debug|Any CPU
		{371B1A5C-E56D-4890-9129-0340D3FBBBA2}.Release|Any CPU.ActiveCfg = Release|Any CPU
		{371B1A5C-E56D-4890-9129-0340D3FBBBA2}.Release|Any CPU.Build.0 = Release|Any CPU
		{CA8A9A68-813B-48DA-B0F1-2F2571146CDF}.Debug|Any CPU.ActiveCfg = Debug|Any CPU
		{CA8A9A68-813B-48DA-B0F1-2F2571146CDF}.Debug|Any CPU.Build.0 = Debug|Any CPU
		{CA8A9A68-813B-48DA-B0F1-2F2571146CDF}.Release|Any CPU.ActiveCfg = Release|Any CPU
		{CA8A9A68-813B-48DA-B0F1-2F2571146CDF}.Release|Any CPU.Build.0 = Release|Any CPU
		{C3C58B41-C009-493C-8B9F-E5F375091908}.Debug|Any CPU.ActiveCfg = Debug|Any CPU
		{C3C58B41-C009-493C-8B9F-E5F375091908}.Debug|Any CPU.Build.0 = Debug|Any CPU
		{C3C58B41-C009-493C-8B9F-E5F375091908}.Release|Any CPU.ActiveCfg = Release|Any CPU
		{C3C58B41-C009-493C-8B9F-E5F375091908}.Release|Any CPU.Build.0 = Release|Any CPU
		{2CB7E42F-77C7-4DB0-84F5-DD100A132B6B}.Debug|Any CPU.ActiveCfg = Debug|Any CPU
		{2CB7E42F-77C7-4DB0-84F5-DD100A132B6B}.Debug|Any CPU.Build.0 = Debug|Any CPU
		{2CB7E42F-77C7-4DB0-84F5-DD100A132B6B}.Release|Any CPU.ActiveCfg = Release|Any CPU
		{2CB7E42F-77C7-4DB0-84F5-DD100A132B6B}.Release|Any CPU.Build.0 = Release|Any CPU
	EndGlobalSection
	GlobalSection(SolutionProperties) = preSolution
		HideSolutionNode = FALSE
	EndGlobalSection
	GlobalSection(ExtensibilityGlobals) = postSolution
		SolutionGuid = {2A766C97-C4C0-4207-90C6-4C27E8805569}
	EndGlobalSection
EndGlobal
